// !$*UTF8*$!
{
	archiveVersion = 1;
	classes = {
	};
	objectVersion = 56;
	objects = {

/* Begin PBXBuildFile section */
		C177D1772BBF14DA00ED80D4 /* AppDelegate.swift in Sources */ = {isa = PBXBuildFile; fileRef = C177D1762BBF14DA00ED80D4 /* AppDelegate.swift */; };
		C177D1792BBF14DA00ED80D4 /* SceneDelegate.swift in Sources */ = {isa = PBXBuildFile; fileRef = C177D1782BBF14DA00ED80D4 /* SceneDelegate.swift */; };
		C177D17E2BBF14DA00ED80D4 /* Base in Resources */ = {isa = PBXBuildFile; fileRef = C177D17D2BBF14DA00ED80D4 /* Base */; };
		C177D1802BBF14DD00ED80D4 /* Assets.xcassets in Resources */ = {isa = PBXBuildFile; fileRef = C177D17F2BBF14DD00ED80D4 /* Assets.xcassets */; };
		C177D1832BBF14DD00ED80D4 /* Base in Resources */ = {isa = PBXBuildFile; fileRef = C177D1822BBF14DD00ED80D4 /* Base */; };
		C177D18E2BBF14DE00ED80D4 /* MagicTheGatheringTestAppTests.swift in Sources */ = {isa = PBXBuildFile; fileRef = C177D18D2BBF14DE00ED80D4 /* MagicTheGatheringTestAppTests.swift */; };
		C177D1982BBF14DE00ED80D4 /* MagicTheGatheringTestAppUITests.swift in Sources */ = {isa = PBXBuildFile; fileRef = C177D1972BBF14DE00ED80D4 /* MagicTheGatheringTestAppUITests.swift */; };
		C177D19A2BBF14DE00ED80D4 /* MagicTheGatheringTestAppUITestsLaunchTests.swift in Sources */ = {isa = PBXBuildFile; fileRef = C177D1992BBF14DE00ED80D4 /* MagicTheGatheringTestAppUITestsLaunchTests.swift */; };
		C177D1AA2BBF2F6200ED80D4 /* FirstViewController.swift in Sources */ = {isa = PBXBuildFile; fileRef = C177D1A92BBF2F6200ED80D4 /* FirstViewController.swift */; };
		C177D1B22BBF361F00ED80D4 /* MAGIC.ttf in Resources */ = {isa = PBXBuildFile; fileRef = C177D1B12BBF361E00ED80D4 /* MAGIC.ttf */; };
		C177D1B32BBF361F00ED80D4 /* MAGIC.ttf in Resources */ = {isa = PBXBuildFile; fileRef = C177D1B12BBF361E00ED80D4 /* MAGIC.ttf */; };
		C177D1B42BBF361F00ED80D4 /* MAGIC.ttf in Resources */ = {isa = PBXBuildFile; fileRef = C177D1B12BBF361E00ED80D4 /* MAGIC.ttf */; };
		C177D1B92BBF3D0000ED80D4 /* GeneralConfigure.swift in Sources */ = {isa = PBXBuildFile; fileRef = C177D1B82BBF3D0000ED80D4 /* GeneralConfigure.swift */; };
		C177D1BA2BBF3D0000ED80D4 /* GeneralConfigure.swift in Sources */ = {isa = PBXBuildFile; fileRef = C177D1B82BBF3D0000ED80D4 /* GeneralConfigure.swift */; };
		C177D1BB2BBF3D0000ED80D4 /* GeneralConfigure.swift in Sources */ = {isa = PBXBuildFile; fileRef = C177D1B82BBF3D0000ED80D4 /* GeneralConfigure.swift */; };
		C177D1CD2BBF5E0000ED80D4 /* SecondViewController.swift in Sources */ = {isa = PBXBuildFile; fileRef = C177D1CC2BBF5E0000ED80D4 /* SecondViewController.swift */; };
		C177D1CE2BBF5E0000ED80D4 /* SecondViewController.swift in Sources */ = {isa = PBXBuildFile; fileRef = C177D1CC2BBF5E0000ED80D4 /* SecondViewController.swift */; };
		C177D1CF2BBF5E0000ED80D4 /* SecondViewController.swift in Sources */ = {isa = PBXBuildFile; fileRef = C177D1CC2BBF5E0000ED80D4 /* SecondViewController.swift */; };
		C177D1D22BBF6B1800ED80D4 /* CardModel.swift in Sources */ = {isa = PBXBuildFile; fileRef = C177D1D12BBF6B1800ED80D4 /* CardModel.swift */; };
		C177D1D32BBF6B1800ED80D4 /* CardModel.swift in Sources */ = {isa = PBXBuildFile; fileRef = C177D1D12BBF6B1800ED80D4 /* CardModel.swift */; };
		C177D1D42BBF6B1800ED80D4 /* CardModel.swift in Sources */ = {isa = PBXBuildFile; fileRef = C177D1D12BBF6B1800ED80D4 /* CardModel.swift */; };
		C177D1D82BC016B000ED80D4 /* cardTableViewCell.swift in Sources */ = {isa = PBXBuildFile; fileRef = C177D1D62BC016B000ED80D4 /* cardTableViewCell.swift */; };
		C177D1D92BC016B000ED80D4 /* cardTableViewCell.xib in Resources */ = {isa = PBXBuildFile; fileRef = C177D1D72BC016B000ED80D4 /* cardTableViewCell.xib */; };
		C177D1DA2BC016B000ED80D4 /* cardTableViewCell.swift in Sources */ = {isa = PBXBuildFile; fileRef = C177D1D62BC016B000ED80D4 /* cardTableViewCell.swift */; };
		C177D1DB2BC016B000ED80D4 /* cardTableViewCell.xib in Resources */ = {isa = PBXBuildFile; fileRef = C177D1D72BC016B000ED80D4 /* cardTableViewCell.xib */; };
		C177D1DC2BC016B000ED80D4 /* cardTableViewCell.xib in Resources */ = {isa = PBXBuildFile; fileRef = C177D1D72BC016B000ED80D4 /* cardTableViewCell.xib */; };
		C177D1DD2BC016B000ED80D4 /* cardTableViewCell.swift in Sources */ = {isa = PBXBuildFile; fileRef = C177D1D62BC016B000ED80D4 /* cardTableViewCell.swift */; };
		C177D1DE2BC0420F00ED80D4 /* Pods_MagicTheGatheringTestApp.framework in Frameworks */ = {isa = PBXBuildFile; fileRef = 202404729A2E8DF8B8C9D314 /* Pods_MagicTheGatheringTestApp.framework */; };
		C177D1DF2BC0420F00ED80D4 /* Pods_MagicTheGatheringTestApp.framework in Embed Frameworks */ = {isa = PBXBuildFile; fileRef = 202404729A2E8DF8B8C9D314 /* Pods_MagicTheGatheringTestApp.framework */; settings = {ATTRIBUTES = (CodeSignOnCopy, RemoveHeadersOnCopy, ); }; };
		C177D1E22BC1757E00ED80D4 /* ThirdViewController.swift in Sources */ = {isa = PBXBuildFile; fileRef = C177D1E12BC1757E00ED80D4 /* ThirdViewController.swift */; };
/* End PBXBuildFile section */

/* Begin PBXContainerItemProxy section */
		C177D18A2BBF14DE00ED80D4 /* PBXContainerItemProxy */ = {
			isa = PBXContainerItemProxy;
			containerPortal = C177D16B2BBF14DA00ED80D4 /* Project object */;
			proxyType = 1;
			remoteGlobalIDString = C177D1722BBF14DA00ED80D4;
			remoteInfo = MagicTheGatheringTestApp;
		};
		C177D1942BBF14DE00ED80D4 /* PBXContainerItemProxy */ = {
			isa = PBXContainerItemProxy;
			containerPortal = C177D16B2BBF14DA00ED80D4 /* Project object */;
			proxyType = 1;
			remoteGlobalIDString = C177D1722BBF14DA00ED80D4;
			remoteInfo = MagicTheGatheringTestApp;
		};
/* End PBXContainerItemProxy section */

/* Begin PBXCopyFilesBuildPhase section */
		C177D1E02BC0420F00ED80D4 /* Embed Frameworks */ = {
			isa = PBXCopyFilesBuildPhase;
			buildActionMask = 2147483647;
			dstPath = "";
			dstSubfolderSpec = 10;
			files = (
				C177D1DF2BC0420F00ED80D4 /* Pods_MagicTheGatheringTestApp.framework in Embed Frameworks */,
			);
			name = "Embed Frameworks";
			runOnlyForDeploymentPostprocessing = 0;
		};
/* End PBXCopyFilesBuildPhase section */

/* Begin PBXFileReference section */
		202404729A2E8DF8B8C9D314 /* Pods_MagicTheGatheringTestApp.framework */ = {isa = PBXFileReference; explicitFileType = wrapper.framework; includeInIndex = 0; path = Pods_MagicTheGatheringTestApp.framework; sourceTree = BUILT_PRODUCTS_DIR; };
		C177D1732BBF14DA00ED80D4 /* MagicTheGatheringTestApp.app */ = {isa = PBXFileReference; explicitFileType = wrapper.application; includeInIndex = 0; path = MagicTheGatheringTestApp.app; sourceTree = BUILT_PRODUCTS_DIR; };
		C177D1762BBF14DA00ED80D4 /* AppDelegate.swift */ = {isa = PBXFileReference; lastKnownFileType = sourcecode.swift; path = AppDelegate.swift; sourceTree = "<group>"; };
		C177D1782BBF14DA00ED80D4 /* SceneDelegate.swift */ = {isa = PBXFileReference; lastKnownFileType = sourcecode.swift; path = SceneDelegate.swift; sourceTree = "<group>"; };
		C177D17D2BBF14DA00ED80D4 /* Base */ = {isa = PBXFileReference; lastKnownFileType = file.storyboard; name = Base; path = Base.lproj/Main.storyboard; sourceTree = "<group>"; };
		C177D17F2BBF14DD00ED80D4 /* Assets.xcassets */ = {isa = PBXFileReference; lastKnownFileType = folder.assetcatalog; path = Assets.xcassets; sourceTree = "<group>"; };
		C177D1822BBF14DD00ED80D4 /* Base */ = {isa = PBXFileReference; lastKnownFileType = file.storyboard; name = Base; path = Base.lproj/LaunchScreen.storyboard; sourceTree = "<group>"; };
		C177D1842BBF14DD00ED80D4 /* Info.plist */ = {isa = PBXFileReference; lastKnownFileType = text.plist.xml; path = Info.plist; sourceTree = "<group>"; };
		C177D1892BBF14DE00ED80D4 /* MagicTheGatheringTestAppTests.xctest */ = {isa = PBXFileReference; explicitFileType = wrapper.cfbundle; includeInIndex = 0; path = MagicTheGatheringTestAppTests.xctest; sourceTree = BUILT_PRODUCTS_DIR; };
		C177D18D2BBF14DE00ED80D4 /* MagicTheGatheringTestAppTests.swift */ = {isa = PBXFileReference; lastKnownFileType = sourcecode.swift; path = MagicTheGatheringTestAppTests.swift; sourceTree = "<group>"; };
		C177D1932BBF14DE00ED80D4 /* MagicTheGatheringTestAppUITests.xctest */ = {isa = PBXFileReference; explicitFileType = wrapper.cfbundle; includeInIndex = 0; path = MagicTheGatheringTestAppUITests.xctest; sourceTree = BUILT_PRODUCTS_DIR; };
		C177D1972BBF14DE00ED80D4 /* MagicTheGatheringTestAppUITests.swift */ = {isa = PBXFileReference; lastKnownFileType = sourcecode.swift; path = MagicTheGatheringTestAppUITests.swift; sourceTree = "<group>"; };
		C177D1992BBF14DE00ED80D4 /* MagicTheGatheringTestAppUITestsLaunchTests.swift */ = {isa = PBXFileReference; lastKnownFileType = sourcecode.swift; path = MagicTheGatheringTestAppUITestsLaunchTests.swift; sourceTree = "<group>"; };
		C177D1A92BBF2F6200ED80D4 /* FirstViewController.swift */ = {isa = PBXFileReference; lastKnownFileType = sourcecode.swift; path = FirstViewController.swift; sourceTree = "<group>"; };
		C177D1B12BBF361E00ED80D4 /* MAGIC.ttf */ = {isa = PBXFileReference; lastKnownFileType = file; path = MAGIC.ttf; sourceTree = "<group>"; };
		C177D1B82BBF3D0000ED80D4 /* GeneralConfigure.swift */ = {isa = PBXFileReference; lastKnownFileType = sourcecode.swift; path = GeneralConfigure.swift; sourceTree = "<group>"; };
		C177D1CC2BBF5E0000ED80D4 /* SecondViewController.swift */ = {isa = PBXFileReference; lastKnownFileType = sourcecode.swift; path = SecondViewController.swift; sourceTree = "<group>"; };
		C177D1D12BBF6B1800ED80D4 /* CardModel.swift */ = {isa = PBXFileReference; lastKnownFileType = sourcecode.swift; path = CardModel.swift; sourceTree = "<group>"; };
		C177D1D62BC016B000ED80D4 /* cardTableViewCell.swift */ = {isa = PBXFileReference; lastKnownFileType = sourcecode.swift; path = cardTableViewCell.swift; sourceTree = "<group>"; };
		C177D1D72BC016B000ED80D4 /* cardTableViewCell.xib */ = {isa = PBXFileReference; lastKnownFileType = file.xib; path = cardTableViewCell.xib; sourceTree = "<group>"; };
		C177D1E12BC1757E00ED80D4 /* ThirdViewController.swift */ = {isa = PBXFileReference; lastKnownFileType = sourcecode.swift; path = ThirdViewController.swift; sourceTree = "<group>"; };
		E7CE4833725FCD145B62ABB0 /* Pods-MagicTheGatheringTestApp.release.xcconfig */ = {isa = PBXFileReference; includeInIndex = 1; lastKnownFileType = text.xcconfig; name = "Pods-MagicTheGatheringTestApp.release.xcconfig"; path = "Target Support Files/Pods-MagicTheGatheringTestApp/Pods-MagicTheGatheringTestApp.release.xcconfig"; sourceTree = "<group>"; };
		F830FE009BFD0073F3F15F3A /* Pods-MagicTheGatheringTestApp.debug.xcconfig */ = {isa = PBXFileReference; includeInIndex = 1; lastKnownFileType = text.xcconfig; name = "Pods-MagicTheGatheringTestApp.debug.xcconfig"; path = "Target Support Files/Pods-MagicTheGatheringTestApp/Pods-MagicTheGatheringTestApp.debug.xcconfig"; sourceTree = "<group>"; };
/* End PBXFileReference section */

/* Begin PBXFrameworksBuildPhase section */
		C177D1702BBF14DA00ED80D4 /* Frameworks */ = {
			isa = PBXFrameworksBuildPhase;
			buildActionMask = 2147483647;
			files = (
				C177D1DE2BC0420F00ED80D4 /* Pods_MagicTheGatheringTestApp.framework in Frameworks */,
			);
			runOnlyForDeploymentPostprocessing = 0;
		};
		C177D1862BBF14DE00ED80D4 /* Frameworks */ = {
			isa = PBXFrameworksBuildPhase;
			buildActionMask = 2147483647;
			files = (
			);
			runOnlyForDeploymentPostprocessing = 0;
		};
		C177D1902BBF14DE00ED80D4 /* Frameworks */ = {
			isa = PBXFrameworksBuildPhase;
			buildActionMask = 2147483647;
			files = (
			);
			runOnlyForDeploymentPostprocessing = 0;
		};
/* End PBXFrameworksBuildPhase section */

/* Begin PBXGroup section */
		346D3A4645743A131B31EE57 /* Frameworks */ = {
			isa = PBXGroup;
			children = (
				202404729A2E8DF8B8C9D314 /* Pods_MagicTheGatheringTestApp.framework */,
			);
			name = Frameworks;
			sourceTree = "<group>";
		};
		A5599843AA4A38013F2F97E9 /* Pods */ = {
			isa = PBXGroup;
			children = (
				F830FE009BFD0073F3F15F3A /* Pods-MagicTheGatheringTestApp.debug.xcconfig */,
				E7CE4833725FCD145B62ABB0 /* Pods-MagicTheGatheringTestApp.release.xcconfig */,
			);
			path = Pods;
			sourceTree = "<group>";
		};
		C177D16A2BBF14DA00ED80D4 = {
			isa = PBXGroup;
			children = (
				C177D1762BBF14DA00ED80D4 /* AppDelegate.swift */,
				C177D1782BBF14DA00ED80D4 /* SceneDelegate.swift */,
				C177D1752BBF14DA00ED80D4 /* MagicTheGatheringTestApp */,
				C177D18C2BBF14DE00ED80D4 /* MagicTheGatheringTestAppTests */,
				C177D1962BBF14DE00ED80D4 /* MagicTheGatheringTestAppUITests */,
				C177D1742BBF14DA00ED80D4 /* Products */,
				A5599843AA4A38013F2F97E9 /* Pods */,
				346D3A4645743A131B31EE57 /* Frameworks */,
			);
			sourceTree = "<group>";
		};
		C177D1742BBF14DA00ED80D4 /* Products */ = {
			isa = PBXGroup;
			children = (
				C177D1732BBF14DA00ED80D4 /* MagicTheGatheringTestApp.app */,
				C177D1892BBF14DE00ED80D4 /* MagicTheGatheringTestAppTests.xctest */,
				C177D1932BBF14DE00ED80D4 /* MagicTheGatheringTestAppUITests.xctest */,
			);
			name = Products;
			sourceTree = "<group>";
		};
		C177D1752BBF14DA00ED80D4 /* MagicTheGatheringTestApp */ = {
			isa = PBXGroup;
			children = (
				C177D1D02BBF6AF300ED80D4 /* Objects */,
				C177D1B72BBF3C6A00ED80D4 /* Config */,
				C177D1B52BBF38B000ED80D4 /* Resources */,
				C177D1A82BBF2AC600ED80D4 /* ViewController */,
				C177D17C2BBF14DA00ED80D4 /* Main.storyboard */,
				C177D17F2BBF14DD00ED80D4 /* Assets.xcassets */,
				C177D1812BBF14DD00ED80D4 /* LaunchScreen.storyboard */,
				C177D1842BBF14DD00ED80D4 /* Info.plist */,
			);
			path = MagicTheGatheringTestApp;
			sourceTree = "<group>";
		};
		C177D18C2BBF14DE00ED80D4 /* MagicTheGatheringTestAppTests */ = {
			isa = PBXGroup;
			children = (
				C177D18D2BBF14DE00ED80D4 /* MagicTheGatheringTestAppTests.swift */,
			);
			path = MagicTheGatheringTestAppTests;
			sourceTree = "<group>";
		};
		C177D1962BBF14DE00ED80D4 /* MagicTheGatheringTestAppUITests */ = {
			isa = PBXGroup;
			children = (
				C177D1972BBF14DE00ED80D4 /* MagicTheGatheringTestAppUITests.swift */,
				C177D1992BBF14DE00ED80D4 /* MagicTheGatheringTestAppUITestsLaunchTests.swift */,
			);
			path = MagicTheGatheringTestAppUITests;
			sourceTree = "<group>";
		};
		C177D1A82BBF2AC600ED80D4 /* ViewController */ = {
			isa = PBXGroup;
			children = (
				C177D1D52BC0166200ED80D4 /* Components */,
				C177D1A92BBF2F6200ED80D4 /* FirstViewController.swift */,
				C177D1CC2BBF5E0000ED80D4 /* SecondViewController.swift */,
				C177D1E12BC1757E00ED80D4 /* ThirdViewController.swift */,
			);
			path = ViewController;
			sourceTree = "<group>";
		};
		C177D1B52BBF38B000ED80D4 /* Resources */ = {
			isa = PBXGroup;
			children = (
				C177D1B62BBF38D300ED80D4 /* Fonts */,
			);
			path = Resources;
			sourceTree = "<group>";
		};
		C177D1B62BBF38D300ED80D4 /* Fonts */ = {
			isa = PBXGroup;
			children = (
				C177D1B12BBF361E00ED80D4 /* MAGIC.ttf */,
			);
			path = Fonts;
			sourceTree = "<group>";
		};
		C177D1B72BBF3C6A00ED80D4 /* Config */ = {
			isa = PBXGroup;
			children = (
				C177D1B82BBF3D0000ED80D4 /* GeneralConfigure.swift */,
			);
			path = Config;
			sourceTree = "<group>";
		};
		C177D1D02BBF6AF300ED80D4 /* Objects */ = {
			isa = PBXGroup;
			children = (
				C177D1D12BBF6B1800ED80D4 /* CardModel.swift */,
			);
			path = Objects;
			sourceTree = "<group>";
		};
		C177D1D52BC0166200ED80D4 /* Components */ = {
			isa = PBXGroup;
			children = (
				C177D1D62BC016B000ED80D4 /* cardTableViewCell.swift */,
				C177D1D72BC016B000ED80D4 /* cardTableViewCell.xib */,
			);
			path = Components;
			sourceTree = "<group>";
		};
/* End PBXGroup section */

/* Begin PBXNativeTarget section */
		C177D1722BBF14DA00ED80D4 /* MagicTheGatheringTestApp */ = {
			isa = PBXNativeTarget;
			buildConfigurationList = C177D19D2BBF14DE00ED80D4 /* Build configuration list for PBXNativeTarget "MagicTheGatheringTestApp" */;
			buildPhases = (
				8D7D00E4CDDC24BC06E93EA9 /* [CP] Check Pods Manifest.lock */,
				C177D16F2BBF14DA00ED80D4 /* Sources */,
				C177D1702BBF14DA00ED80D4 /* Frameworks */,
				C177D1712BBF14DA00ED80D4 /* Resources */,
				4BAA3B64BC70C22EA4F21178 /* [CP] Embed Pods Frameworks */,
				C177D1E02BC0420F00ED80D4 /* Embed Frameworks */,
			);
			buildRules = (
			);
			dependencies = (
			);
			name = MagicTheGatheringTestApp;
			productName = MagicTheGatheringTestApp;
			productReference = C177D1732BBF14DA00ED80D4 /* MagicTheGatheringTestApp.app */;
			productType = "com.apple.product-type.application";
		};
		C177D1882BBF14DE00ED80D4 /* MagicTheGatheringTestAppTests */ = {
			isa = PBXNativeTarget;
			buildConfigurationList = C177D1A02BBF14DE00ED80D4 /* Build configuration list for PBXNativeTarget "MagicTheGatheringTestAppTests" */;
			buildPhases = (
				C177D1852BBF14DE00ED80D4 /* Sources */,
				C177D1862BBF14DE00ED80D4 /* Frameworks */,
				C177D1872BBF14DE00ED80D4 /* Resources */,
			);
			buildRules = (
			);
			dependencies = (
				C177D18B2BBF14DE00ED80D4 /* PBXTargetDependency */,
			);
			name = MagicTheGatheringTestAppTests;
			productName = MagicTheGatheringTestAppTests;
			productReference = C177D1892BBF14DE00ED80D4 /* MagicTheGatheringTestAppTests.xctest */;
			productType = "com.apple.product-type.bundle.unit-test";
		};
		C177D1922BBF14DE00ED80D4 /* MagicTheGatheringTestAppUITests */ = {
			isa = PBXNativeTarget;
			buildConfigurationList = C177D1A32BBF14DE00ED80D4 /* Build configuration list for PBXNativeTarget "MagicTheGatheringTestAppUITests" */;
			buildPhases = (
				C177D18F2BBF14DE00ED80D4 /* Sources */,
				C177D1902BBF14DE00ED80D4 /* Frameworks */,
				C177D1912BBF14DE00ED80D4 /* Resources */,
			);
			buildRules = (
			);
			dependencies = (
				C177D1952BBF14DE00ED80D4 /* PBXTargetDependency */,
			);
			name = MagicTheGatheringTestAppUITests;
			productName = MagicTheGatheringTestAppUITests;
			productReference = C177D1932BBF14DE00ED80D4 /* MagicTheGatheringTestAppUITests.xctest */;
			productType = "com.apple.product-type.bundle.ui-testing";
		};
/* End PBXNativeTarget section */

/* Begin PBXProject section */
		C177D16B2BBF14DA00ED80D4 /* Project object */ = {
			isa = PBXProject;
			attributes = {
				BuildIndependentTargetsInParallel = 1;
				LastSwiftUpdateCheck = 1530;
				LastUpgradeCheck = 1530;
				TargetAttributes = {
					C177D1722BBF14DA00ED80D4 = {
						CreatedOnToolsVersion = 15.3;
					};
					C177D1882BBF14DE00ED80D4 = {
						CreatedOnToolsVersion = 15.3;
						TestTargetID = C177D1722BBF14DA00ED80D4;
					};
					C177D1922BBF14DE00ED80D4 = {
						CreatedOnToolsVersion = 15.3;
						TestTargetID = C177D1722BBF14DA00ED80D4;
					};
				};
			};
			buildConfigurationList = C177D16E2BBF14DA00ED80D4 /* Build configuration list for PBXProject "MagicTheGatheringTestApp" */;
			compatibilityVersion = "Xcode 14.0";
			developmentRegion = en;
			hasScannedForEncodings = 0;
			knownRegions = (
				en,
				Base,
			);
			mainGroup = C177D16A2BBF14DA00ED80D4;
			productRefGroup = C177D1742BBF14DA00ED80D4 /* Products */;
			projectDirPath = "";
			projectRoot = "";
			targets = (
				C177D1722BBF14DA00ED80D4 /* MagicTheGatheringTestApp */,
				C177D1882BBF14DE00ED80D4 /* MagicTheGatheringTestAppTests */,
				C177D1922BBF14DE00ED80D4 /* MagicTheGatheringTestAppUITests */,
			);
		};
/* End PBXProject section */

/* Begin PBXResourcesBuildPhase section */
		C177D1712BBF14DA00ED80D4 /* Resources */ = {
			isa = PBXResourcesBuildPhase;
			buildActionMask = 2147483647;
			files = (
				C177D1802BBF14DD00ED80D4 /* Assets.xcassets in Resources */,
				C177D1832BBF14DD00ED80D4 /* Base in Resources */,
				C177D1B22BBF361F00ED80D4 /* MAGIC.ttf in Resources */,
				C177D17E2BBF14DA00ED80D4 /* Base in Resources */,
				C177D1D92BC016B000ED80D4 /* cardTableViewCell.xib in Resources */,
			);
			runOnlyForDeploymentPostprocessing = 0;
		};
		C177D1872BBF14DE00ED80D4 /* Resources */ = {
			isa = PBXResourcesBuildPhase;
			buildActionMask = 2147483647;
			files = (
				C177D1B32BBF361F00ED80D4 /* MAGIC.ttf in Resources */,
				C177D1DB2BC016B000ED80D4 /* cardTableViewCell.xib in Resources */,
			);
			runOnlyForDeploymentPostprocessing = 0;
		};
		C177D1912BBF14DE00ED80D4 /* Resources */ = {
			isa = PBXResourcesBuildPhase;
			buildActionMask = 2147483647;
			files = (
				C177D1B42BBF361F00ED80D4 /* MAGIC.ttf in Resources */,
				C177D1DC2BC016B000ED80D4 /* cardTableViewCell.xib in Resources */,
			);
			runOnlyForDeploymentPostprocessing = 0;
		};
/* End PBXResourcesBuildPhase section */

/* Begin PBXShellScriptBuildPhase section */
		4BAA3B64BC70C22EA4F21178 /* [CP] Embed Pods Frameworks */ = {
			isa = PBXShellScriptBuildPhase;
			buildActionMask = 2147483647;
			files = (
			);
			inputFileListPaths = (
				"${PODS_ROOT}/Target Support Files/Pods-MagicTheGatheringTestApp/Pods-MagicTheGatheringTestApp-frameworks-${CONFIGURATION}-input-files.xcfilelist",
			);
			name = "[CP] Embed Pods Frameworks";
			outputFileListPaths = (
				"${PODS_ROOT}/Target Support Files/Pods-MagicTheGatheringTestApp/Pods-MagicTheGatheringTestApp-frameworks-${CONFIGURATION}-output-files.xcfilelist",
			);
			runOnlyForDeploymentPostprocessing = 0;
			shellPath = /bin/sh;
			shellScript = "\"${PODS_ROOT}/Target Support Files/Pods-MagicTheGatheringTestApp/Pods-MagicTheGatheringTestApp-frameworks.sh\"\n";
			showEnvVarsInLog = 0;
		};
		8D7D00E4CDDC24BC06E93EA9 /* [CP] Check Pods Manifest.lock */ = {
			isa = PBXShellScriptBuildPhase;
			buildActionMask = 2147483647;
			files = (
			);
			inputFileListPaths = (
			);
			inputPaths = (
				"${PODS_PODFILE_DIR_PATH}/Podfile.lock",
				"${PODS_ROOT}/Manifest.lock",
			);
			name = "[CP] Check Pods Manifest.lock";
			outputFileListPaths = (
			);
			outputPaths = (
				"$(DERIVED_FILE_DIR)/Pods-MagicTheGatheringTestApp-checkManifestLockResult.txt",
			);
			runOnlyForDeploymentPostprocessing = 0;
			shellPath = /bin/sh;
			shellScript = "diff \"${PODS_PODFILE_DIR_PATH}/Podfile.lock\" \"${PODS_ROOT}/Manifest.lock\" > /dev/null\nif [ $? != 0 ] ; then\n    # print error to STDERR\n    echo \"error: The sandbox is not in sync with the Podfile.lock. Run 'pod install' or update your CocoaPods installation.\" >&2\n    exit 1\nfi\n# This output is used by Xcode 'outputs' to avoid re-running this script phase.\necho \"SUCCESS\" > \"${SCRIPT_OUTPUT_FILE_0}\"\n";
			showEnvVarsInLog = 0;
		};
/* End PBXShellScriptBuildPhase section */

/* Begin PBXSourcesBuildPhase section */
		C177D16F2BBF14DA00ED80D4 /* Sources */ = {
			isa = PBXSourcesBuildPhase;
			buildActionMask = 2147483647;
			files = (
				C177D1AA2BBF2F6200ED80D4 /* FirstViewController.swift in Sources */,
				C177D1B92BBF3D0000ED80D4 /* GeneralConfigure.swift in Sources */,
				C177D1D82BC016B000ED80D4 /* cardTableViewCell.swift in Sources */,
				C177D1772BBF14DA00ED80D4 /* AppDelegate.swift in Sources */,
				C177D1CD2BBF5E0000ED80D4 /* SecondViewController.swift in Sources */,
				C177D1792BBF14DA00ED80D4 /* SceneDelegate.swift in Sources */,
				C177D1E22BC1757E00ED80D4 /* ThirdViewController.swift in Sources */,
				C177D1D22BBF6B1800ED80D4 /* CardModel.swift in Sources */,
			);
			runOnlyForDeploymentPostprocessing = 0;
		};
		C177D1852BBF14DE00ED80D4 /* Sources */ = {
			isa = PBXSourcesBuildPhase;
			buildActionMask = 2147483647;
			files = (
				C177D1CE2BBF5E0000ED80D4 /* SecondViewController.swift in Sources */,
				C177D1D32BBF6B1800ED80D4 /* CardModel.swift in Sources */,
				C177D1DA2BC016B000ED80D4 /* cardTableViewCell.swift in Sources */,
				C177D18E2BBF14DE00ED80D4 /* MagicTheGatheringTestAppTests.swift in Sources */,
				C177D1BA2BBF3D0000ED80D4 /* GeneralConfigure.swift in Sources */,
			);
			runOnlyForDeploymentPostprocessing = 0;
		};
		C177D18F2BBF14DE00ED80D4 /* Sources */ = {
			isa = PBXSourcesBuildPhase;
			buildActionMask = 2147483647;
			files = (
				C177D1CF2BBF5E0000ED80D4 /* SecondViewController.swift in Sources */,
				C177D19A2BBF14DE00ED80D4 /* MagicTheGatheringTestAppUITestsLaunchTests.swift in Sources */,
				C177D1982BBF14DE00ED80D4 /* MagicTheGatheringTestAppUITests.swift in Sources */,
				C177D1BB2BBF3D0000ED80D4 /* GeneralConfigure.swift in Sources */,
				C177D1D42BBF6B1800ED80D4 /* CardModel.swift in Sources */,
				C177D1DD2BC016B000ED80D4 /* cardTableViewCell.swift in Sources */,
			);
			runOnlyForDeploymentPostprocessing = 0;
		};
/* End PBXSourcesBuildPhase section */

/* Begin PBXTargetDependency section */
		C177D18B2BBF14DE00ED80D4 /* PBXTargetDependency */ = {
			isa = PBXTargetDependency;
			target = C177D1722BBF14DA00ED80D4 /* MagicTheGatheringTestApp */;
			targetProxy = C177D18A2BBF14DE00ED80D4 /* PBXContainerItemProxy */;
		};
		C177D1952BBF14DE00ED80D4 /* PBXTargetDependency */ = {
			isa = PBXTargetDependency;
			target = C177D1722BBF14DA00ED80D4 /* MagicTheGatheringTestApp */;
			targetProxy = C177D1942BBF14DE00ED80D4 /* PBXContainerItemProxy */;
		};
/* End PBXTargetDependency section */

/* Begin PBXVariantGroup section */
		C177D17C2BBF14DA00ED80D4 /* Main.storyboard */ = {
			isa = PBXVariantGroup;
			children = (
				C177D17D2BBF14DA00ED80D4 /* Base */,
			);
			name = Main.storyboard;
			sourceTree = "<group>";
		};
		C177D1812BBF14DD00ED80D4 /* LaunchScreen.storyboard */ = {
			isa = PBXVariantGroup;
			children = (
				C177D1822BBF14DD00ED80D4 /* Base */,
			);
			name = LaunchScreen.storyboard;
			sourceTree = "<group>";
		};
/* End PBXVariantGroup section */

/* Begin XCBuildConfiguration section */
		C177D19B2BBF14DE00ED80D4 /* Debug */ = {
			isa = XCBuildConfiguration;
			buildSettings = {
				ALWAYS_SEARCH_USER_PATHS = NO;
				ASSETCATALOG_COMPILER_GENERATE_SWIFT_ASSET_SYMBOL_EXTENSIONS = YES;
				CLANG_ANALYZER_NONNULL = YES;
				CLANG_ANALYZER_NUMBER_OBJECT_CONVERSION = YES_AGGRESSIVE;
				CLANG_CXX_LANGUAGE_STANDARD = "gnu++20";
				CLANG_ENABLE_MODULES = YES;
				CLANG_ENABLE_OBJC_ARC = YES;
				CLANG_ENABLE_OBJC_WEAK = YES;
				CLANG_WARN_BLOCK_CAPTURE_AUTORELEASING = YES;
				CLANG_WARN_BOOL_CONVERSION = YES;
				CLANG_WARN_COMMA = YES;
				CLANG_WARN_CONSTANT_CONVERSION = YES;
				CLANG_WARN_DEPRECATED_OBJC_IMPLEMENTATIONS = YES;
				CLANG_WARN_DIRECT_OBJC_ISA_USAGE = YES_ERROR;
				CLANG_WARN_DOCUMENTATION_COMMENTS = YES;
				CLANG_WARN_EMPTY_BODY = YES;
				CLANG_WARN_ENUM_CONVERSION = YES;
				CLANG_WARN_INFINITE_RECURSION = YES;
				CLANG_WARN_INT_CONVERSION = YES;
				CLANG_WARN_NON_LITERAL_NULL_CONVERSION = YES;
				CLANG_WARN_OBJC_IMPLICIT_RETAIN_SELF = YES;
				CLANG_WARN_OBJC_LITERAL_CONVERSION = YES;
				CLANG_WARN_OBJC_ROOT_CLASS = YES_ERROR;
				CLANG_WARN_QUOTED_INCLUDE_IN_FRAMEWORK_HEADER = YES;
				CLANG_WARN_RANGE_LOOP_ANALYSIS = YES;
				CLANG_WARN_STRICT_PROTOTYPES = YES;
				CLANG_WARN_SUSPICIOUS_MOVE = YES;
				CLANG_WARN_UNGUARDED_AVAILABILITY = YES_AGGRESSIVE;
				CLANG_WARN_UNREACHABLE_CODE = YES;
				CLANG_WARN__DUPLICATE_METHOD_MATCH = YES;
				COPY_PHASE_STRIP = NO;
				DEBUG_INFORMATION_FORMAT = dwarf;
				ENABLE_STRICT_OBJC_MSGSEND = YES;
				ENABLE_TESTABILITY = YES;
				ENABLE_USER_SCRIPT_SANDBOXING = YES;
				GCC_C_LANGUAGE_STANDARD = gnu17;
				GCC_DYNAMIC_NO_PIC = NO;
				GCC_NO_COMMON_BLOCKS = YES;
				GCC_OPTIMIZATION_LEVEL = 0;
				GCC_PREPROCESSOR_DEFINITIONS = (
					"DEBUG=1",
					"$(inherited)",
				);
				GCC_WARN_64_TO_32_BIT_CONVERSION = YES;
				GCC_WARN_ABOUT_RETURN_TYPE = YES_ERROR;
				GCC_WARN_UNDECLARED_SELECTOR = YES;
				GCC_WARN_UNINITIALIZED_AUTOS = YES_AGGRESSIVE;
				GCC_WARN_UNUSED_FUNCTION = YES;
				GCC_WARN_UNUSED_VARIABLE = YES;
				IPHONEOS_DEPLOYMENT_TARGET = 17.4;
				LOCALIZATION_PREFERS_STRING_CATALOGS = YES;
				MTL_ENABLE_DEBUG_INFO = INCLUDE_SOURCE;
				MTL_FAST_MATH = YES;
				ONLY_ACTIVE_ARCH = YES;
				SDKROOT = iphoneos;
				SWIFT_ACTIVE_COMPILATION_CONDITIONS = "DEBUG $(inherited)";
				SWIFT_OPTIMIZATION_LEVEL = "-Onone";
			};
			name = Debug;
		};
		C177D19C2BBF14DE00ED80D4 /* Release */ = {
			isa = XCBuildConfiguration;
			buildSettings = {
				ALWAYS_SEARCH_USER_PATHS = NO;
				ASSETCATALOG_COMPILER_GENERATE_SWIFT_ASSET_SYMBOL_EXTENSIONS = YES;
				CLANG_ANALYZER_NONNULL = YES;
				CLANG_ANALYZER_NUMBER_OBJECT_CONVERSION = YES_AGGRESSIVE;
				CLANG_CXX_LANGUAGE_STANDARD = "gnu++20";
				CLANG_ENABLE_MODULES = YES;
				CLANG_ENABLE_OBJC_ARC = YES;
				CLANG_ENABLE_OBJC_WEAK = YES;
				CLANG_WARN_BLOCK_CAPTURE_AUTORELEASING = YES;
				CLANG_WARN_BOOL_CONVERSION = YES;
				CLANG_WARN_COMMA = YES;
				CLANG_WARN_CONSTANT_CONVERSION = YES;
				CLANG_WARN_DEPRECATED_OBJC_IMPLEMENTATIONS = YES;
				CLANG_WARN_DIRECT_OBJC_ISA_USAGE = YES_ERROR;
				CLANG_WARN_DOCUMENTATION_COMMENTS = YES;
				CLANG_WARN_EMPTY_BODY = YES;
				CLANG_WARN_ENUM_CONVERSION = YES;
				CLANG_WARN_INFINITE_RECURSION = YES;
				CLANG_WARN_INT_CONVERSION = YES;
				CLANG_WARN_NON_LITERAL_NULL_CONVERSION = YES;
				CLANG_WARN_OBJC_IMPLICIT_RETAIN_SELF = YES;
				CLANG_WARN_OBJC_LITERAL_CONVERSION = YES;
				CLANG_WARN_OBJC_ROOT_CLASS = YES_ERROR;
				CLANG_WARN_QUOTED_INCLUDE_IN_FRAMEWORK_HEADER = YES;
				CLANG_WARN_RANGE_LOOP_ANALYSIS = YES;
				CLANG_WARN_STRICT_PROTOTYPES = YES;
				CLANG_WARN_SUSPICIOUS_MOVE = YES;
				CLANG_WARN_UNGUARDED_AVAILABILITY = YES_AGGRESSIVE;
				CLANG_WARN_UNREACHABLE_CODE = YES;
				CLANG_WARN__DUPLICATE_METHOD_MATCH = YES;
				COPY_PHASE_STRIP = NO;
				DEBUG_INFORMATION_FORMAT = "dwarf-with-dsym";
				ENABLE_NS_ASSERTIONS = NO;
				ENABLE_STRICT_OBJC_MSGSEND = YES;
				ENABLE_USER_SCRIPT_SANDBOXING = YES;
				GCC_C_LANGUAGE_STANDARD = gnu17;
				GCC_NO_COMMON_BLOCKS = YES;
				GCC_WARN_64_TO_32_BIT_CONVERSION = YES;
				GCC_WARN_ABOUT_RETURN_TYPE = YES_ERROR;
				GCC_WARN_UNDECLARED_SELECTOR = YES;
				GCC_WARN_UNINITIALIZED_AUTOS = YES_AGGRESSIVE;
				GCC_WARN_UNUSED_FUNCTION = YES;
				GCC_WARN_UNUSED_VARIABLE = YES;
				IPHONEOS_DEPLOYMENT_TARGET = 17.4;
				LOCALIZATION_PREFERS_STRING_CATALOGS = YES;
				MTL_ENABLE_DEBUG_INFO = NO;
				MTL_FAST_MATH = YES;
				SDKROOT = iphoneos;
				SWIFT_COMPILATION_MODE = wholemodule;
				VALIDATE_PRODUCT = YES;
			};
			name = Release;
		};
		C177D19E2BBF14DE00ED80D4 /* Debug */ = {
			isa = XCBuildConfiguration;
			baseConfigurationReference = F830FE009BFD0073F3F15F3A /* Pods-MagicTheGatheringTestApp.debug.xcconfig */;
			buildSettings = {
				ASSETCATALOG_COMPILER_APPICON_NAME = AppIcon;
				ASSETCATALOG_COMPILER_GLOBAL_ACCENT_COLOR_NAME = AccentColor;
				CODE_SIGN_STYLE = Automatic;
				CURRENT_PROJECT_VERSION = 1;
				DEVELOPMENT_TEAM = VH2FP4YPGS;
				ENABLE_USER_SCRIPT_SANDBOXING = NO;
				GENERATE_INFOPLIST_FILE = YES;
				INFOPLIST_FILE = MagicTheGatheringTestApp/Info.plist;
				INFOPLIST_KEY_UIApplicationSupportsIndirectInputEvents = YES;
				INFOPLIST_KEY_UILaunchStoryboardName = LaunchScreen;
				INFOPLIST_KEY_UIMainStoryboardFile = Main;
				INFOPLIST_KEY_UISupportedInterfaceOrientations_iPad = "UIInterfaceOrientationPortrait UIInterfaceOrientationPortraitUpsideDown UIInterfaceOrientationLandscapeLeft UIInterfaceOrientationLandscapeRight";
				INFOPLIST_KEY_UISupportedInterfaceOrientations_iPhone = "UIInterfaceOrientationPortrait UIInterfaceOrientationLandscapeLeft UIInterfaceOrientationLandscapeRight";
				IPHONEOS_DEPLOYMENT_TARGET = 15.0;
				LD_RUNPATH_SEARCH_PATHS = (
					"$(inherited)",
					"@executable_path/Frameworks",
				);
				MARKETING_VERSION = 1.0;
				PRODUCT_BUNDLE_IDENTIFIER = noelhyusta.MagicTheGatheringTestApp;
				PRODUCT_NAME = "$(TARGET_NAME)";
				SWIFT_EMIT_LOC_STRINGS = YES;
				SWIFT_VERSION = 5.0;
				TARGETED_DEVICE_FAMILY = "1,2";
			};
			name = Debug;
		};
		C177D19F2BBF14DE00ED80D4 /* Release */ = {
			isa = XCBuildConfiguration;
			baseConfigurationReference = E7CE4833725FCD145B62ABB0 /* Pods-MagicTheGatheringTestApp.release.xcconfig */;
			buildSettings = {
				ASSETCATALOG_COMPILER_APPICON_NAME = AppIcon;
				ASSETCATALOG_COMPILER_GLOBAL_ACCENT_COLOR_NAME = AccentColor;
				CODE_SIGN_STYLE = Automatic;
				CURRENT_PROJECT_VERSION = 1;
				DEVELOPMENT_TEAM = VH2FP4YPGS;
				ENABLE_USER_SCRIPT_SANDBOXING = NO;
				GENERATE_INFOPLIST_FILE = YES;
				INFOPLIST_FILE = MagicTheGatheringTestApp/Info.plist;
				INFOPLIST_KEY_UIApplicationSupportsIndirectInputEvents = YES;
				INFOPLIST_KEY_UILaunchStoryboardName = LaunchScreen;
				INFOPLIST_KEY_UIMainStoryboardFile = Main;
				INFOPLIST_KEY_UISupportedInterfaceOrientations_iPad = "UIInterfaceOrientationPortrait UIInterfaceOrientationPortraitUpsideDown UIInterfaceOrientationLandscapeLeft UIInterfaceOrientationLandscapeRight";
				INFOPLIST_KEY_UISupportedInterfaceOrientations_iPhone = "UIInterfaceOrientationPortrait UIInterfaceOrientationLandscapeLeft UIInterfaceOrientationLandscapeRight";
				IPHONEOS_DEPLOYMENT_TARGET = 15.0;
				LD_RUNPATH_SEARCH_PATHS = (
					"$(inherited)",
					"@executable_path/Frameworks",
				);
				MARKETING_VERSION = 1.0;
				PRODUCT_BUNDLE_IDENTIFIER = noelhyusta.MagicTheGatheringTestApp;
				PRODUCT_NAME = "$(TARGET_NAME)";
				SWIFT_EMIT_LOC_STRINGS = YES;
				SWIFT_VERSION = 5.0;
				TARGETED_DEVICE_FAMILY = "1,2";
			};
			name = Release;
		};
		C177D1A12BBF14DE00ED80D4 /* Debug */ = {
			isa = XCBuildConfiguration;
			buildSettings = {
				ALWAYS_EMBED_SWIFT_STANDARD_LIBRARIES = YES;
				BUNDLE_LOADER = "$(TEST_HOST)";
				CODE_SIGN_STYLE = Automatic;
				CURRENT_PROJECT_VERSION = 1;
				DEVELOPMENT_TEAM = VH2FP4YPGS;
				GENERATE_INFOPLIST_FILE = YES;
				IPHONEOS_DEPLOYMENT_TARGET = 17.4;
				MARKETING_VERSION = 1.0;
				PRODUCT_BUNDLE_IDENTIFIER = noelhyusta.MagicTheGatheringTestAppTests;
				PRODUCT_NAME = "$(TARGET_NAME)";
				SWIFT_EMIT_LOC_STRINGS = NO;
				SWIFT_VERSION = 5.0;
				TARGETED_DEVICE_FAMILY = "1,2";
				TEST_HOST = "$(BUILT_PRODUCTS_DIR)/MagicTheGatheringTestApp.app/$(BUNDLE_EXECUTABLE_FOLDER_PATH)/MagicTheGatheringTestApp";
			};
			name = Debug;
		};
		C177D1A22BBF14DE00ED80D4 /* Release */ = {
			isa = XCBuildConfiguration;
			buildSettings = {
				ALWAYS_EMBED_SWIFT_STANDARD_LIBRARIES = YES;
				BUNDLE_LOADER = "$(TEST_HOST)";
				CODE_SIGN_STYLE = Automatic;
				CURRENT_PROJECT_VERSION = 1;
				DEVELOPMENT_TEAM = VH2FP4YPGS;
				GENERATE_INFOPLIST_FILE = YES;
				IPHONEOS_DEPLOYMENT_TARGET = 17.4;
				MARKETING_VERSION = 1.0;
				PRODUCT_BUNDLE_IDENTIFIER = noelhyusta.MagicTheGatheringTestAppTests;
				PRODUCT_NAME = "$(TARGET_NAME)";
				SWIFT_EMIT_LOC_STRINGS = NO;
				SWIFT_VERSION = 5.0;
				TARGETED_DEVICE_FAMILY = "1,2";
				TEST_HOST = "$(BUILT_PRODUCTS_DIR)/MagicTheGatheringTestApp.app/$(BUNDLE_EXECUTABLE_FOLDER_PATH)/MagicTheGatheringTestApp";
			};
			name = Release;
		};
		C177D1A42BBF14DE00ED80D4 /* Debug */ = {
			isa = XCBuildConfiguration;
			buildSettings = {
				ALWAYS_EMBED_SWIFT_STANDARD_LIBRARIES = YES;
				CODE_SIGN_STYLE = Automatic;
				CURRENT_PROJECT_VERSION = 1;
				DEVELOPMENT_TEAM = VH2FP4YPGS;
				GENERATE_INFOPLIST_FILE = YES;
				MARKETING_VERSION = 1.0;
				PRODUCT_BUNDLE_IDENTIFIER = noelhyusta.MagicTheGatheringTestAppUITests;
				PRODUCT_NAME = "$(TARGET_NAME)";
				SWIFT_EMIT_LOC_STRINGS = NO;
				SWIFT_VERSION = 5.0;
				TARGETED_DEVICE_FAMILY = "1,2";
				TEST_TARGET_NAME = MagicTheGatheringTestApp;
			};
			name = Debug;
		};
		C177D1A52BBF14DE00ED80D4 /* Release */ = {
			isa = XCBuildConfiguration;
			buildSettings = {
				ALWAYS_EMBED_SWIFT_STANDARD_LIBRARIES = YES;
				CODE_SIGN_STYLE = Automatic;
				CURRENT_PROJECT_VERSION = 1;
				DEVELOPMENT_TEAM = VH2FP4YPGS;
				GENERATE_INFOPLIST_FILE = YES;
				MARKETING_VERSION = 1.0;
				PRODUCT_BUNDLE_IDENTIFIER = noelhyusta.MagicTheGatheringTestAppUITests;
				PRODUCT_NAME = "$(TARGET_NAME)";
				SWIFT_EMIT_LOC_STRINGS = NO;
				SWIFT_VERSION = 5.0;
				TARGETED_DEVICE_FAMILY = "1,2";
				TEST_TARGET_NAME = MagicTheGatheringTestApp;
			};
			name = Release;
		};
/* End XCBuildConfiguration section */

/* Begin XCConfigurationList section */
		C177D16E2BBF14DA00ED80D4 /* Build configuration list for PBXProject "MagicTheGatheringTestApp" */ = {
			isa = XCConfigurationList;
			buildConfigurations = (
				C177D19B2BBF14DE00ED80D4 /* Debug */,
				C177D19C2BBF14DE00ED80D4 /* Release */,
			);
			defaultConfigurationIsVisible = 0;
			defaultConfigurationName = Release;
		};
		C177D19D2BBF14DE00ED80D4 /* Build configuration list for PBXNativeTarget "MagicTheGatheringTestApp" */ = {
			isa = XCConfigurationList;
			buildConfigurations = (
				C177D19E2BBF14DE00ED80D4 /* Debug */,
				C177D19F2BBF14DE00ED80D4 /* Release */,
			);
			defaultConfigurationIsVisible = 0;
			defaultConfigurationName = Release;
		};
		C177D1A02BBF14DE00ED80D4 /* Build configuration list for PBXNativeTarget "MagicTheGatheringTestAppTests" */ = {
			isa = XCConfigurationList;
			buildConfigurations = (
				C177D1A12BBF14DE00ED80D4 /* Debug */,
				C177D1A22BBF14DE00ED80D4 /* Release */,
			);
			defaultConfigurationIsVisible = 0;
			defaultConfigurationName = Release;
		};
		C177D1A32BBF14DE00ED80D4 /* Build configuration list for PBXNativeTarget "MagicTheGatheringTestAppUITests" */ = {
			isa = XCConfigurationList;
			buildConfigurations = (
				C177D1A42BBF14DE00ED80D4 /* Debug */,
				C177D1A52BBF14DE00ED80D4 /* Release */,
			);
			defaultConfigurationIsVisible = 0;
			defaultConfigurationName = Release;
		};
/* End XCConfigurationList section */
	};
	rootObject = C177D16B2BBF14DA00ED80D4 /* Project object */;
}
